
Microsoft Visual Studio Solution File, Format Version 12.00
# Visual Studio Version 16
VisualStudioVersion = 16.0.29503.13
MinimumVisualStudioVersion = 10.0.40219.1
Project("{9A19103F-16F7-4668-BE54-9A1E7A4F7556}") = "Latrunculi", "Latrunculi\Latrunculi.csproj", "{74843E0D-1694-45FD-8790-CBA01312B060}"
EndProject
Project("{9A19103F-16F7-4668-BE54-9A1E7A4F7556}") = "LatrunculiCore", "LatrunculiCore\LatrunculiCore.csproj", "{4D1A2577-4AD5-48C8-926A-4E37D4678A0F}"
EndProject
Project("{9A19103F-16F7-4668-BE54-9A1E7A4F7556}") = "LatrunculiCoreTests", "LatrunculiCoreTests\LatrunculiCoreTests.csproj", "{030D5C5C-4A13-4BD3-8166-7E36B8005704}"
EndProject
Project("{9A19103F-16F7-4668-BE54-9A1E7A4F7556}") = "LatrunculiTests", "LatrunculiTests\LatrunculiTests.csproj", "{1620132D-6B22-4DE6-96F7-C131B16E4546}"
EndProject
Project("{FAE04EC0-301F-11D3-BF4B-00C04F79EFBC}") = "LatrunculiGUI", "LatrunculiGUI\LatrunculiGUI.csproj", "{DC74AC06-A778-46DD-AE4F-E5117FE1B8D3}"
EndProject
Global
	GlobalSection(SolutionConfigurationPlatforms) = preSolution
		Debug|Any CPU = Debug|Any CPU
		Release|Any CPU = Release|Any CPU
	EndGlobalSection
	GlobalSection(ProjectConfigurationPlatforms) = postSolution
		{74843E0D-1694-45FD-8790-CBA01312B060}.Debug|Any CPU.ActiveCfg = Debug|Any CPU
		{74843E0D-1694-45FD-8790-CBA01312B060}.Debug|Any CPU.Build.0 = Debug|Any CPU
		{74843E0D-1694-45FD-8790-CBA01312B060}.Release|Any CPU.ActiveCfg = Release|Any CPU
		{74843E0D-1694-45FD-8790-CBA01312B060}.Release|Any CPU.Build.0 = Release|Any CPU
		{4D1A2577-4AD5-48C8-926A-4E37D4678A0F}.Debug|Any CPU.ActiveCfg = Debug|Any CPU
		{4D1A2577-4AD5-48C8-926A-4E37D4678A0F}.Debug|Any CPU.Build.0 = Debug|Any CPU
		{4D1A2577-4AD5-48C8-926A-4E37D4678A0F}.Release|Any CPU.ActiveCfg = Release|Any CPU
		{4D1A2577-4AD5-48C8-926A-4E37D4678A0F}.Release|Any CPU.Build.0 = Release|Any CPU
		{030D5C5C-4A13-4BD3-8166-7E36B8005704}.Debug|Any CPU.ActiveCfg = Debug|Any CPU
		{030D5C5C-4A13-4BD3-8166-7E36B8005704}.Debug|Any CPU.Build.0 = Debug|Any CPU
		{030D5C5C-4A13-4BD3-8166-7E36B8005704}.Release|Any CPU.ActiveCfg = Release|Any CPU
		{030D5C5C-4A13-4BD3-8166-7E36B8005704}.Release|Any CPU.Build.0 = Release|Any CPU
		{1620132D-6B22-4DE6-96F7-C131B16E4546}.Debug|Any CPU.ActiveCfg = Debug|Any CPU
		{1620132D-6B22-4DE6-96F7-C131B16E4546}.Debug|Any CPU.Build.0 = Debug|Any CPU
		{1620132D-6B22-4DE6-96F7-C131B16E4546}.Release|Any CPU.ActiveCfg = Release|Any CPU
		{1620132D-6B22-4DE6-96F7-C131B16E4546}.Release|Any CPU.Build.0 = Release|Any CPU
		{DC74AC06-A778-46DD-AE4F-E5117FE1B8D3}.Debug|Any CPU.ActiveCfg = Debug|Any CPU
		{DC74AC06-A778-46DD-AE4F-E5117FE1B8D3}.Debug|Any CPU.Build.0 = Debug|Any CPU
		{DC74AC06-A778-46DD-AE4F-E5117FE1B8D3}.Release|Any CPU.ActiveCfg = Release|Any CPU
		{DC74AC06-A778-46DD-AE4F-E5117FE1B8D3}.Release|Any CPU.Build.0 = Release|Any CPU
	EndGlobalSection
	GlobalSection(SolutionProperties) = preSolution
		HideSolutionNode = FALSE
	EndGlobalSection
	GlobalSection(ExtensibilityGlobals) = postSolution
		SolutionGuid = {82E9ED6B-8F7A-44E2-822F-6E8CC95164E6}
	EndGlobalSection
EndGlobal
